
Microsoft Visual Studio Solution File, Format Version 12.00
# Visual Studio 15
VisualStudioVersion = 15.0.27703.2026
MinimumVisualStudioVersion = 10.0.40219.1
Project("{8BC9CEB8-8B4A-11D0-8D11-00A0C91BC942}") = "EugenicsWars", "EugenicsWars\EugenicsWars.vcxproj", "{F4C4DB6D-60EE-4367-A40F-51D973FD8469}"
EndProject
Project("{8BC9CEB8-8B4A-11D0-8D11-00A0C91BC942}") = "PointExample", "PointExample\PointExample.vcxproj", "{8D9BC001-3B5E-4F96-ADBA-C4910363ED06}"
	ProjectSection(ProjectDependencies) = postProject
		{F4C4DB6D-60EE-4367-A40F-51D973FD8469} = {F4C4DB6D-60EE-4367-A40F-51D973FD8469}
	EndProjectSection
EndProject
Global
	GlobalSection(SolutionConfigurationPlatforms) = preSolution
		Debug|x64 = Debug|x64
		Debug|x86 = Debug|x86
		Release|x64 = Release|x64
		Release|x86 = Release|x86
	EndGlobalSection
	GlobalSection(ProjectConfigurationPlatforms) = postSolution
		{F4C4DB6D-60EE-4367-A40F-51D973FD8469}.Debug|x64.ActiveCfg = Debug|x64
		{F4C4DB6D-60EE-4367-A40F-51D973FD8469}.Debug|x64.Build.0 = Debug|x64
		{F4C4DB6D-60EE-4367-A40F-51D973FD8469}.Debug|x86.ActiveCfg = Debug|Win32
		{F4C4DB6D-60EE-4367-A40F-51D973FD8469}.Debug|x86.Build.0 = Debug|Win32
		{F4C4DB6D-60EE-4367-A40F-51D973FD8469}.Release|x64.ActiveCfg = Release|x64
		{F4C4DB6D-60EE-4367-A40F-51D973FD8469}.Release|x64.Build.0 = Release|x64
		{F4C4DB6D-60EE-4367-A40F-51D973FD8469}.Release|x86.ActiveCfg = Release|Win32
		{F4C4DB6D-60EE-4367-A40F-51D973FD8469}.Release|x86.Build.0 = Release|Win32
		{8D9BC001-3B5E-4F96-ADBA-C4910363ED06}.Debug|x64.ActiveCfg = Debug|x64
		{8D9BC001-3B5E-4F96-ADBA-C4910363ED06}.Debug|x64.Build.0 = Debug|x64
		{8D9BC001-3B5E-4F96-ADBA-C4910363ED06}.Debug|x86.ActiveCfg = Debug|Win32
		{8D9BC001-3B5E-4F96-ADBA-C4910363ED06}.Debug|x86.Build.0 = Debug|Win32
		{8D9BC001-3B5E-4F96-ADBA-C4910363ED06}.Release|x64.ActiveCfg = Release|x64
		{8D9BC001-3B5E-4F96-ADBA-C4910363ED06}.Release|x64.Build.0 = Release|x64
		{8D9BC001-3B5E-4F96-ADBA-C4910363ED06}.Release|x86.ActiveCfg = Release|Win32
		{8D9BC001-3B5E-4F96-ADBA-C4910363ED06}.Release|x86.Build.0 = Release|Win32
	EndGlobalSection
	GlobalSection(SolutionProperties) = preSolution
		HideSolutionNode = FALSE
	EndGlobalSection
	GlobalSection(ExtensibilityGlobals) = postSolution
		SolutionGuid = {5E1F21FB-1348-4EB0-92D7-E2335B631D5B}
	EndGlobalSection
EndGlobal
